// !$*UTF8*$!
{
	archiveVersion = 1;
	classes = {
	};
	objectVersion = 54;
	objects = {

/* Begin PBXBuildFile section */
		00E356F31AD99517003FC87E /* expensesmanagerTests.m in Sources */ = {isa = PBXBuildFile; fileRef = 00E356F21AD99517003FC87E /* expensesmanagerTests.m */; };
		13B07FBC1A68108700A75B9A /* AppDelegate.mm in Sources */ = {isa = PBXBuildFile; fileRef = 13B07FB01A68108700A75B9A /* AppDelegate.mm */; };
		13B07FBF1A68108700A75B9A /* Images.xcassets in Resources */ = {isa = PBXBuildFile; fileRef = 13B07FB51A68108700A75B9A /* Images.xcassets */; };
		13B07FC11A68108700A75B9A /* main.m in Sources */ = {isa = PBXBuildFile; fileRef = 13B07FB71A68108700A75B9A /* main.m */; };
		81AB9BB82411601600AC10FF /* LaunchScreen.storyboard in Resources */ = {isa = PBXBuildFile; fileRef = 81AB9BB72411601600AC10FF /* LaunchScreen.storyboard */; };
		838CA18B6639220EB32B452D /* Pods_expensesmanager.framework in Frameworks */ = {isa = PBXBuildFile; fileRef = AA3920AD1B88ACF93DC99E8F /* Pods_expensesmanager.framework */; };
		84E2F65CC9EF9C90DFA74BEE /* Pods_OneSignalNotificationServiceExtension.framework in Frameworks */ = {isa = PBXBuildFile; fileRef = 4113EC4749816F6E982C2F76 /* Pods_OneSignalNotificationServiceExtension.framework */; };
		AB1888700BD977A80F4B989E /* Pods_expensesmanager_expensesmanagerTests.framework in Frameworks */ = {isa = PBXBuildFile; fileRef = 6162DAD656319BEC957D43CD /* Pods_expensesmanager_expensesmanagerTests.framework */; };
		D61867BC2A598A0C0059C9A3 /* NotificationService.swift in Sources */ = {isa = PBXBuildFile; fileRef = D61867BB2A598A0C0059C9A3 /* NotificationService.swift */; };
		D61867C02A598A0C0059C9A3 /* OneSignalNotificationServiceExtension.appex in Embed Foundation Extensions */ = {isa = PBXBuildFile; fileRef = D61867B92A598A0C0059C9A3 /* OneSignalNotificationServiceExtension.appex */; settings = {ATTRIBUTES = (RemoveHeadersOnCopy, ); }; };
		D630F2682A36EEEC008B81E1 /* RNReactNativeHapticFeedback.framework in Frameworks */ = {isa = PBXBuildFile; fileRef = D630F2672A36EEEC008B81E1 /* RNReactNativeHapticFeedback.framework */; settings = {ATTRIBUTES = (Required, ); }; };
		D667168A2A38778A00F60FBE /* Montserrat_500Medium.ttf in Resources */ = {isa = PBXBuildFile; fileRef = D667166A2A38778800F60FBE /* Montserrat_500Medium.ttf */; };
		D667168B2A38778A00F60FBE /* Lato-Regular.ttf in Resources */ = {isa = PBXBuildFile; fileRef = D667166B2A38778800F60FBE /* Lato-Regular.ttf */; };
		D667168C2A38778A00F60FBE /* Montserrat-Bold.ttf in Resources */ = {isa = PBXBuildFile; fileRef = D667166C2A38778800F60FBE /* Montserrat-Bold.ttf */; };
		D667168D2A38778A00F60FBE /* Fontisto.ttf in Resources */ = {isa = PBXBuildFile; fileRef = D667166D2A38778800F60FBE /* Fontisto.ttf */; };
		D667168E2A38778A00F60FBE /* MaterialCommunityIcons.ttf in Resources */ = {isa = PBXBuildFile; fileRef = D667166E2A38778800F60FBE /* MaterialCommunityIcons.ttf */; };
		D667168F2A38778A00F60FBE /* Lato-Black.ttf in Resources */ = {isa = PBXBuildFile; fileRef = D667166F2A38778800F60FBE /* Lato-Black.ttf */; };
		D66716902A38778A00F60FBE /* Lato_700Bold.ttf in Resources */ = {isa = PBXBuildFile; fileRef = D66716702A38778800F60FBE /* Lato_700Bold.ttf */; };
		D66716912A38778A00F60FBE /* AntDesign.ttf in Resources */ = {isa = PBXBuildFile; fileRef = D66716712A38778800F60FBE /* AntDesign.ttf */; };
		D66716922A38778A00F60FBE /* FontAwesome5_Solid.ttf in Resources */ = {isa = PBXBuildFile; fileRef = D66716722A38778800F60FBE /* FontAwesome5_Solid.ttf */; };
		D66716932A38778A00F60FBE /* Lato-Bold.ttf in Resources */ = {isa = PBXBuildFile; fileRef = D66716732A38778800F60FBE /* Lato-Bold.ttf */; };
		D66716942A38778A00F60FBE /* Montserrat_600SemiBold.ttf in Resources */ = {isa = PBXBuildFile; fileRef = D66716742A38778800F60FBE /* Montserrat_600SemiBold.ttf */; };
		D66716952A38778A00F60FBE /* MaterialIcons.ttf in Resources */ = {isa = PBXBuildFile; fileRef = D66716752A38778800F60FBE /* MaterialIcons.ttf */; };
		D66716962A38778A00F60FBE /* FontAwesome5_Brands.ttf in Resources */ = {isa = PBXBuildFile; fileRef = D66716762A38778900F60FBE /* FontAwesome5_Brands.ttf */; };
		D66716972A38778A00F60FBE /* Montserrat-Medium.ttf in Resources */ = {isa = PBXBuildFile; fileRef = D66716772A38778900F60FBE /* Montserrat-Medium.ttf */; };
		D66716982A38778A00F60FBE /* Octicons.ttf in Resources */ = {isa = PBXBuildFile; fileRef = D66716782A38778900F60FBE /* Octicons.ttf */; };
		D66716992A38778A00F60FBE /* SimpleLineIcons.ttf in Resources */ = {isa = PBXBuildFile; fileRef = D66716792A38778900F60FBE /* SimpleLineIcons.ttf */; };
		D667169A2A38778A00F60FBE /* EvilIcons.ttf in Resources */ = {isa = PBXBuildFile; fileRef = D667167A2A38778900F60FBE /* EvilIcons.ttf */; };
		D667169B2A38778A00F60FBE /* Feather.ttf in Resources */ = {isa = PBXBuildFile; fileRef = D667167B2A38778900F60FBE /* Feather.ttf */; };
		D667169C2A38778A00F60FBE /* Montserrat-Regular.ttf in Resources */ = {isa = PBXBuildFile; fileRef = D667167C2A38778900F60FBE /* Montserrat-Regular.ttf */; };
		D667169D2A38778A00F60FBE /* Montserrat-SemiBold.ttf in Resources */ = {isa = PBXBuildFile; fileRef = D667167D2A38778900F60FBE /* Montserrat-SemiBold.ttf */; };
		D667169E2A38778A00F60FBE /* Montserrat_700Bold.ttf in Resources */ = {isa = PBXBuildFile; fileRef = D667167E2A38778900F60FBE /* Montserrat_700Bold.ttf */; };
		D667169F2A38778A00F60FBE /* Oswald_400Regular.ttf in Resources */ = {isa = PBXBuildFile; fileRef = D667167F2A38778900F60FBE /* Oswald_400Regular.ttf */; };
		D66716A02A38778A00F60FBE /* Zocial.ttf in Resources */ = {isa = PBXBuildFile; fileRef = D66716802A38778900F60FBE /* Zocial.ttf */; };
		D66716A12A38778A00F60FBE /* Lato_400Regular.ttf in Resources */ = {isa = PBXBuildFile; fileRef = D66716812A38778900F60FBE /* Lato_400Regular.ttf */; };
		D66716A22A38778A00F60FBE /* Foundation.ttf in Resources */ = {isa = PBXBuildFile; fileRef = D66716822A38778900F60FBE /* Foundation.ttf */; };
		D66716A32A38778A00F60FBE /* Lato_900Black.ttf in Resources */ = {isa = PBXBuildFile; fileRef = D66716832A38778900F60FBE /* Lato_900Black.ttf */; };
		D66716A42A38778A00F60FBE /* Oswald-Regular.ttf in Resources */ = {isa = PBXBuildFile; fileRef = D66716842A38778900F60FBE /* Oswald-Regular.ttf */; };
		D66716A52A38778A00F60FBE /* Entypo.ttf in Resources */ = {isa = PBXBuildFile; fileRef = D66716852A38778A00F60FBE /* Entypo.ttf */; };
		D66716A62A38778A00F60FBE /* FontAwesome.ttf in Resources */ = {isa = PBXBuildFile; fileRef = D66716862A38778A00F60FBE /* FontAwesome.ttf */; };
		D66716A72A38778A00F60FBE /* FontAwesome5_Regular.ttf in Resources */ = {isa = PBXBuildFile; fileRef = D66716872A38778A00F60FBE /* FontAwesome5_Regular.ttf */; };
		D66716A82A38778A00F60FBE /* Montserrat_400Regular.ttf in Resources */ = {isa = PBXBuildFile; fileRef = D66716882A38778A00F60FBE /* Montserrat_400Regular.ttf */; };
		D66716A92A38778A00F60FBE /* Ionicons.ttf in Resources */ = {isa = PBXBuildFile; fileRef = D66716892A38778A00F60FBE /* Ionicons.ttf */; };
		D668738D2A40B7AF000E22A1 /* GoogleService-Info.plist in Resources */ = {isa = PBXBuildFile; fileRef = D668738C2A40B7AF000E22A1 /* GoogleService-Info.plist */; };
		D6C6D9212A59ADEF00BAC333 /* notification_primary.wav in Resources */ = {isa = PBXBuildFile; fileRef = D6C6D9202A59ADEF00BAC333 /* notification_primary.wav */; };
		D6C6D9232A59BBF900BAC333 /* notification_secondary.wav in Resources */ = {isa = PBXBuildFile; fileRef = D6C6D9222A59BBF900BAC333 /* notification_secondary.wav */; };
		D6C7D42C2A62FFC400F10475 /* File.swift in Sources */ = {isa = PBXBuildFile; fileRef = D6C7D42B2A62FFC400F10475 /* File.swift */; };
/* End PBXBuildFile section */

/* Begin PBXContainerItemProxy section */
		00E356F41AD99517003FC87E /* PBXContainerItemProxy */ = {
			isa = PBXContainerItemProxy;
			containerPortal = 83CBB9F71A601CBA00E9B192 /* Project object */;
			proxyType = 1;
			remoteGlobalIDString = 13B07F861A680F5B00A75B9A;
			remoteInfo = expensesmanager;
		};
		D61867BE2A598A0C0059C9A3 /* PBXContainerItemProxy */ = {
			isa = PBXContainerItemProxy;
			containerPortal = 83CBB9F71A601CBA00E9B192 /* Project object */;
			proxyType = 1;
			remoteGlobalIDString = D61867B82A598A0C0059C9A3;
			remoteInfo = OneSignalNotificationServiceExtension;
		};
/* End PBXContainerItemProxy section */

/* Begin PBXCopyFilesBuildPhase section */
		D61867C12A598A0C0059C9A3 /* Embed Foundation Extensions */ = {
			isa = PBXCopyFilesBuildPhase;
			buildActionMask = 2147483647;
			dstPath = "";
			dstSubfolderSpec = 13;
			files = (
				D61867C02A598A0C0059C9A3 /* OneSignalNotificationServiceExtension.appex in Embed Foundation Extensions */,
			);
			name = "Embed Foundation Extensions";
			runOnlyForDeploymentPostprocessing = 0;
		};
/* End PBXCopyFilesBuildPhase section */

/* Begin PBXFileReference section */
		00E356EE1AD99517003FC87E /* expensesmanagerTests.xctest */ = {isa = PBXFileReference; explicitFileType = wrapper.cfbundle; includeInIndex = 0; path = expensesmanagerTests.xctest; sourceTree = BUILT_PRODUCTS_DIR; };
		00E356F11AD99517003FC87E /* Info.plist */ = {isa = PBXFileReference; lastKnownFileType = text.plist.xml; path = Info.plist; sourceTree = "<group>"; };
		00E356F21AD99517003FC87E /* expensesmanagerTests.m */ = {isa = PBXFileReference; lastKnownFileType = sourcecode.c.objc; path = expensesmanagerTests.m; sourceTree = "<group>"; };
		13B07F961A680F5B00A75B9A /* expensesmanager.app */ = {isa = PBXFileReference; explicitFileType = wrapper.application; includeInIndex = 0; path = expensesmanager.app; sourceTree = BUILT_PRODUCTS_DIR; };
		13B07FAF1A68108700A75B9A /* AppDelegate.h */ = {isa = PBXFileReference; fileEncoding = 4; lastKnownFileType = sourcecode.c.h; name = AppDelegate.h; path = expensesmanager/AppDelegate.h; sourceTree = "<group>"; };
		13B07FB01A68108700A75B9A /* AppDelegate.mm */ = {isa = PBXFileReference; fileEncoding = 4; lastKnownFileType = sourcecode.cpp.objcpp; name = AppDelegate.mm; path = expensesmanager/AppDelegate.mm; sourceTree = "<group>"; };
		13B07FB51A68108700A75B9A /* Images.xcassets */ = {isa = PBXFileReference; lastKnownFileType = folder.assetcatalog; name = Images.xcassets; path = expensesmanager/Images.xcassets; sourceTree = "<group>"; };
		13B07FB61A68108700A75B9A /* Info.plist */ = {isa = PBXFileReference; fileEncoding = 4; lastKnownFileType = text.plist.xml; name = Info.plist; path = expensesmanager/Info.plist; sourceTree = "<group>"; };
		13B07FB71A68108700A75B9A /* main.m */ = {isa = PBXFileReference; fileEncoding = 4; lastKnownFileType = sourcecode.c.objc; name = main.m; path = expensesmanager/main.m; sourceTree = "<group>"; };
		3B4392A12AC88292D35C810B /* Pods-expensesmanager.debug.xcconfig */ = {isa = PBXFileReference; includeInIndex = 1; lastKnownFileType = text.xcconfig; name = "Pods-expensesmanager.debug.xcconfig"; path = "Target Support Files/Pods-expensesmanager/Pods-expensesmanager.debug.xcconfig"; sourceTree = "<group>"; };
		4113EC4749816F6E982C2F76 /* Pods_OneSignalNotificationServiceExtension.framework */ = {isa = PBXFileReference; explicitFileType = wrapper.framework; includeInIndex = 0; path = Pods_OneSignalNotificationServiceExtension.framework; sourceTree = BUILT_PRODUCTS_DIR; };
		5709B34CF0A7D63546082F79 /* Pods-expensesmanager.release.xcconfig */ = {isa = PBXFileReference; includeInIndex = 1; lastKnownFileType = text.xcconfig; name = "Pods-expensesmanager.release.xcconfig"; path = "Target Support Files/Pods-expensesmanager/Pods-expensesmanager.release.xcconfig"; sourceTree = "<group>"; };
		5B7EB9410499542E8C5724F5 /* Pods-expensesmanager-expensesmanagerTests.debug.xcconfig */ = {isa = PBXFileReference; includeInIndex = 1; lastKnownFileType = text.xcconfig; name = "Pods-expensesmanager-expensesmanagerTests.debug.xcconfig"; path = "Target Support Files/Pods-expensesmanager-expensesmanagerTests/Pods-expensesmanager-expensesmanagerTests.debug.xcconfig"; sourceTree = "<group>"; };
		6162DAD656319BEC957D43CD /* Pods_expensesmanager_expensesmanagerTests.framework */ = {isa = PBXFileReference; explicitFileType = wrapper.framework; includeInIndex = 0; path = Pods_expensesmanager_expensesmanagerTests.framework; sourceTree = BUILT_PRODUCTS_DIR; };
		7C36095DFAD59260726FD78F /* Pods-OneSignalNotificationServiceExtension.release.xcconfig */ = {isa = PBXFileReference; includeInIndex = 1; lastKnownFileType = text.xcconfig; name = "Pods-OneSignalNotificationServiceExtension.release.xcconfig"; path = "Target Support Files/Pods-OneSignalNotificationServiceExtension/Pods-OneSignalNotificationServiceExtension.release.xcconfig"; sourceTree = "<group>"; };
		81AB9BB72411601600AC10FF /* LaunchScreen.storyboard */ = {isa = PBXFileReference; fileEncoding = 4; lastKnownFileType = file.storyboard; name = LaunchScreen.storyboard; path = expensesmanager/LaunchScreen.storyboard; sourceTree = "<group>"; };
		89C6BE57DB24E9ADA2F236DE /* Pods-expensesmanager-expensesmanagerTests.release.xcconfig */ = {isa = PBXFileReference; includeInIndex = 1; lastKnownFileType = text.xcconfig; name = "Pods-expensesmanager-expensesmanagerTests.release.xcconfig"; path = "Target Support Files/Pods-expensesmanager-expensesmanagerTests/Pods-expensesmanager-expensesmanagerTests.release.xcconfig"; sourceTree = "<group>"; };
		A699DC53BC2D46E9A89C678E /* Pods-OneSignalNotificationServiceExtension.debug.xcconfig */ = {isa = PBXFileReference; includeInIndex = 1; lastKnownFileType = text.xcconfig; name = "Pods-OneSignalNotificationServiceExtension.debug.xcconfig"; path = "Target Support Files/Pods-OneSignalNotificationServiceExtension/Pods-OneSignalNotificationServiceExtension.debug.xcconfig"; sourceTree = "<group>"; };
		AA3920AD1B88ACF93DC99E8F /* Pods_expensesmanager.framework */ = {isa = PBXFileReference; explicitFileType = wrapper.framework; includeInIndex = 0; path = Pods_expensesmanager.framework; sourceTree = BUILT_PRODUCTS_DIR; };
		D61867B92A598A0C0059C9A3 /* OneSignalNotificationServiceExtension.appex */ = {isa = PBXFileReference; explicitFileType = "wrapper.app-extension"; includeInIndex = 0; path = OneSignalNotificationServiceExtension.appex; sourceTree = BUILT_PRODUCTS_DIR; };
		D61867BB2A598A0C0059C9A3 /* NotificationService.swift */ = {isa = PBXFileReference; lastKnownFileType = sourcecode.swift; path = NotificationService.swift; sourceTree = "<group>"; };
		D61867BD2A598A0C0059C9A3 /* Info.plist */ = {isa = PBXFileReference; lastKnownFileType = text.plist.xml; path = Info.plist; sourceTree = "<group>"; };
		D62050CF2A62EEBD00E98BD2 /* expensesmanager-Bridging-Header.h */ = {isa = PBXFileReference; lastKnownFileType = sourcecode.c.h; path = "expensesmanager-Bridging-Header.h"; sourceTree = "<group>"; };
		D630F25A2A36EC6C008B81E1 /* RNReactNativeHapticFeedback.framework */ = {isa = PBXFileReference; explicitFileType = wrapper.framework; path = RNReactNativeHapticFeedback.framework; sourceTree = BUILT_PRODUCTS_DIR; };
		D630F2672A36EEEC008B81E1 /* RNReactNativeHapticFeedback.framework */ = {isa = PBXFileReference; explicitFileType = wrapper.framework; path = RNReactNativeHapticFeedback.framework; sourceTree = BUILT_PRODUCTS_DIR; };
		D667166A2A38778800F60FBE /* Montserrat_500Medium.ttf */ = {isa = PBXFileReference; lastKnownFileType = file; name = Montserrat_500Medium.ttf; path = "../../assets/allfonts with vector icons also/Montserrat_500Medium.ttf"; sourceTree = "<group>"; };
		D667166B2A38778800F60FBE /* Lato-Regular.ttf */ = {isa = PBXFileReference; lastKnownFileType = file; name = "Lato-Regular.ttf"; path = "../../assets/allfonts with vector icons also/Lato-Regular.ttf"; sourceTree = "<group>"; };
		D667166C2A38778800F60FBE /* Montserrat-Bold.ttf */ = {isa = PBXFileReference; lastKnownFileType = file; name = "Montserrat-Bold.ttf"; path = "../../assets/allfonts with vector icons also/Montserrat-Bold.ttf"; sourceTree = "<group>"; };
		D667166D2A38778800F60FBE /* Fontisto.ttf */ = {isa = PBXFileReference; lastKnownFileType = file; name = Fontisto.ttf; path = "../../assets/allfonts with vector icons also/Fontisto.ttf"; sourceTree = "<group>"; };
		D667166E2A38778800F60FBE /* MaterialCommunityIcons.ttf */ = {isa = PBXFileReference; lastKnownFileType = file; name = MaterialCommunityIcons.ttf; path = "../../assets/allfonts with vector icons also/MaterialCommunityIcons.ttf"; sourceTree = "<group>"; };
		D667166F2A38778800F60FBE /* Lato-Black.ttf */ = {isa = PBXFileReference; lastKnownFileType = file; name = "Lato-Black.ttf"; path = "../../assets/allfonts with vector icons also/Lato-Black.ttf"; sourceTree = "<group>"; };
		D66716702A38778800F60FBE /* Lato_700Bold.ttf */ = {isa = PBXFileReference; lastKnownFileType = file; name = Lato_700Bold.ttf; path = "../../assets/allfonts with vector icons also/Lato_700Bold.ttf"; sourceTree = "<group>"; };
		D66716712A38778800F60FBE /* AntDesign.ttf */ = {isa = PBXFileReference; lastKnownFileType = file; name = AntDesign.ttf; path = "../../assets/allfonts with vector icons also/AntDesign.ttf"; sourceTree = "<group>"; };
		D66716722A38778800F60FBE /* FontAwesome5_Solid.ttf */ = {isa = PBXFileReference; lastKnownFileType = file; name = FontAwesome5_Solid.ttf; path = "../../assets/allfonts with vector icons also/FontAwesome5_Solid.ttf"; sourceTree = "<group>"; };
		D66716732A38778800F60FBE /* Lato-Bold.ttf */ = {isa = PBXFileReference; lastKnownFileType = file; name = "Lato-Bold.ttf"; path = "../../assets/allfonts with vector icons also/Lato-Bold.ttf"; sourceTree = "<group>"; };
		D66716742A38778800F60FBE /* Montserrat_600SemiBold.ttf */ = {isa = PBXFileReference; lastKnownFileType = file; name = Montserrat_600SemiBold.ttf; path = "../../assets/allfonts with vector icons also/Montserrat_600SemiBold.ttf"; sourceTree = "<group>"; };
		D66716752A38778800F60FBE /* MaterialIcons.ttf */ = {isa = PBXFileReference; lastKnownFileType = file; name = MaterialIcons.ttf; path = "../../assets/allfonts with vector icons also/MaterialIcons.ttf"; sourceTree = "<group>"; };
		D66716762A38778900F60FBE /* FontAwesome5_Brands.ttf */ = {isa = PBXFileReference; lastKnownFileType = file; name = FontAwesome5_Brands.ttf; path = "../../assets/allfonts with vector icons also/FontAwesome5_Brands.ttf"; sourceTree = "<group>"; };
		D66716772A38778900F60FBE /* Montserrat-Medium.ttf */ = {isa = PBXFileReference; lastKnownFileType = file; name = "Montserrat-Medium.ttf"; path = "../../assets/allfonts with vector icons also/Montserrat-Medium.ttf"; sourceTree = "<group>"; };
		D66716782A38778900F60FBE /* Octicons.ttf */ = {isa = PBXFileReference; lastKnownFileType = file; name = Octicons.ttf; path = "../../assets/allfonts with vector icons also/Octicons.ttf"; sourceTree = "<group>"; };
		D66716792A38778900F60FBE /* SimpleLineIcons.ttf */ = {isa = PBXFileReference; lastKnownFileType = file; name = SimpleLineIcons.ttf; path = "../../assets/allfonts with vector icons also/SimpleLineIcons.ttf"; sourceTree = "<group>"; };
		D667167A2A38778900F60FBE /* EvilIcons.ttf */ = {isa = PBXFileReference; lastKnownFileType = file; name = EvilIcons.ttf; path = "../../assets/allfonts with vector icons also/EvilIcons.ttf"; sourceTree = "<group>"; };
		D667167B2A38778900F60FBE /* Feather.ttf */ = {isa = PBXFileReference; lastKnownFileType = file; name = Feather.ttf; path = "../../assets/allfonts with vector icons also/Feather.ttf"; sourceTree = "<group>"; };
		D667167C2A38778900F60FBE /* Montserrat-Regular.ttf */ = {isa = PBXFileReference; lastKnownFileType = file; name = "Montserrat-Regular.ttf"; path = "../../assets/allfonts with vector icons also/Montserrat-Regular.ttf"; sourceTree = "<group>"; };
		D667167D2A38778900F60FBE /* Montserrat-SemiBold.ttf */ = {isa = PBXFileReference; lastKnownFileType = file; name = "Montserrat-SemiBold.ttf"; path = "../../assets/allfonts with vector icons also/Montserrat-SemiBold.ttf"; sourceTree = "<group>"; };
		D667167E2A38778900F60FBE /* Montserrat_700Bold.ttf */ = {isa = PBXFileReference; lastKnownFileType = file; name = Montserrat_700Bold.ttf; path = "../../assets/allfonts with vector icons also/Montserrat_700Bold.ttf"; sourceTree = "<group>"; };
		D667167F2A38778900F60FBE /* Oswald_400Regular.ttf */ = {isa = PBXFileReference; lastKnownFileType = file; name = Oswald_400Regular.ttf; path = "../../assets/allfonts with vector icons also/Oswald_400Regular.ttf"; sourceTree = "<group>"; };
		D66716802A38778900F60FBE /* Zocial.ttf */ = {isa = PBXFileReference; lastKnownFileType = file; name = Zocial.ttf; path = "../../assets/allfonts with vector icons also/Zocial.ttf"; sourceTree = "<group>"; };
		D66716812A38778900F60FBE /* Lato_400Regular.ttf */ = {isa = PBXFileReference; lastKnownFileType = file; name = Lato_400Regular.ttf; path = "../../assets/allfonts with vector icons also/Lato_400Regular.ttf"; sourceTree = "<group>"; };
		D66716822A38778900F60FBE /* Foundation.ttf */ = {isa = PBXFileReference; lastKnownFileType = file; name = Foundation.ttf; path = "../../assets/allfonts with vector icons also/Foundation.ttf"; sourceTree = "<group>"; };
		D66716832A38778900F60FBE /* Lato_900Black.ttf */ = {isa = PBXFileReference; lastKnownFileType = file; name = Lato_900Black.ttf; path = "../../assets/allfonts with vector icons also/Lato_900Black.ttf"; sourceTree = "<group>"; };
		D66716842A38778900F60FBE /* Oswald-Regular.ttf */ = {isa = PBXFileReference; lastKnownFileType = file; name = "Oswald-Regular.ttf"; path = "../../assets/allfonts with vector icons also/Oswald-Regular.ttf"; sourceTree = "<group>"; };
		D66716852A38778A00F60FBE /* Entypo.ttf */ = {isa = PBXFileReference; lastKnownFileType = file; name = Entypo.ttf; path = "../../assets/allfonts with vector icons also/Entypo.ttf"; sourceTree = "<group>"; };
		D66716862A38778A00F60FBE /* FontAwesome.ttf */ = {isa = PBXFileReference; lastKnownFileType = file; name = FontAwesome.ttf; path = "../../assets/allfonts with vector icons also/FontAwesome.ttf"; sourceTree = "<group>"; };
		D66716872A38778A00F60FBE /* FontAwesome5_Regular.ttf */ = {isa = PBXFileReference; lastKnownFileType = file; name = FontAwesome5_Regular.ttf; path = "../../assets/allfonts with vector icons also/FontAwesome5_Regular.ttf"; sourceTree = "<group>"; };
		D66716882A38778A00F60FBE /* Montserrat_400Regular.ttf */ = {isa = PBXFileReference; lastKnownFileType = file; name = Montserrat_400Regular.ttf; path = "../../assets/allfonts with vector icons also/Montserrat_400Regular.ttf"; sourceTree = "<group>"; };
		D66716892A38778A00F60FBE /* Ionicons.ttf */ = {isa = PBXFileReference; lastKnownFileType = file; name = Ionicons.ttf; path = "../../assets/allfonts with vector icons also/Ionicons.ttf"; sourceTree = "<group>"; };
		D668738C2A40B7AF000E22A1 /* GoogleService-Info.plist */ = {isa = PBXFileReference; fileEncoding = 4; lastKnownFileType = text.plist.xml; path = "GoogleService-Info.plist"; sourceTree = "<group>"; };
		D66D6E522A4027B900E3B538 /* expensesmanager.entitlements */ = {isa = PBXFileReference; lastKnownFileType = text.plist.entitlements; name = expensesmanager.entitlements; path = expensesmanager/expensesmanager.entitlements; sourceTree = "<group>"; };
		D6C6D91F2A598B7D00BAC333 /* OneSignalNotificationServiceExtension.entitlements */ = {isa = PBXFileReference; lastKnownFileType = text.plist.entitlements; path = OneSignalNotificationServiceExtension.entitlements; sourceTree = "<group>"; };
		D6C6D9202A59ADEF00BAC333 /* notification_primary.wav */ = {isa = PBXFileReference; lastKnownFileType = audio.wav; name = notification_primary.wav; path = ../assets/notification_primary.wav; sourceTree = "<group>"; };
		D6C6D9222A59BBF900BAC333 /* notification_secondary.wav */ = {isa = PBXFileReference; lastKnownFileType = audio.wav; name = notification_secondary.wav; path = ../assets/notification_secondary.wav; sourceTree = "<group>"; };
		D6C7D42B2A62FFC400F10475 /* File.swift */ = {isa = PBXFileReference; lastKnownFileType = sourcecode.swift; path = File.swift; sourceTree = "<group>"; };
		ED297162215061F000B7C4FE /* JavaScriptCore.framework */ = {isa = PBXFileReference; lastKnownFileType = wrapper.framework; name = JavaScriptCore.framework; path = System/Library/Frameworks/JavaScriptCore.framework; sourceTree = SDKROOT; };
/* End PBXFileReference section */

/* Begin PBXFrameworksBuildPhase section */
		00E356EB1AD99517003FC87E /* Frameworks */ = {
			isa = PBXFrameworksBuildPhase;
			buildActionMask = 2147483647;
			files = (
				AB1888700BD977A80F4B989E /* Pods_expensesmanager_expensesmanagerTests.framework in Frameworks */,
			);
			runOnlyForDeploymentPostprocessing = 0;
		};
		13B07F8C1A680F5B00A75B9A /* Frameworks */ = {
			isa = PBXFrameworksBuildPhase;
			buildActionMask = 2147483647;
			files = (
				838CA18B6639220EB32B452D /* Pods_expensesmanager.framework in Frameworks */,
				D630F2682A36EEEC008B81E1 /* RNReactNativeHapticFeedback.framework in Frameworks */,
			);
			runOnlyForDeploymentPostprocessing = 0;
		};
		D61867B62A598A0C0059C9A3 /* Frameworks */ = {
			isa = PBXFrameworksBuildPhase;
			buildActionMask = 2147483647;
			files = (
				84E2F65CC9EF9C90DFA74BEE /* Pods_OneSignalNotificationServiceExtension.framework in Frameworks */,
			);
			runOnlyForDeploymentPostprocessing = 0;
		};
/* End PBXFrameworksBuildPhase section */

/* Begin PBXGroup section */
		00E356EF1AD99517003FC87E /* expensesmanagerTests */ = {
			isa = PBXGroup;
			children = (
				00E356F21AD99517003FC87E /* expensesmanagerTests.m */,
				00E356F01AD99517003FC87E /* Supporting Files */,
			);
			path = expensesmanagerTests;
			sourceTree = "<group>";
		};
		00E356F01AD99517003FC87E /* Supporting Files */ = {
			isa = PBXGroup;
			children = (
				00E356F11AD99517003FC87E /* Info.plist */,
			);
			name = "Supporting Files";
			sourceTree = "<group>";
		};
		13B07FAE1A68108700A75B9A /* expensesmanager */ = {
			isa = PBXGroup;
			children = (
				D66D6E522A4027B900E3B538 /* expensesmanager.entitlements */,
				13B07FAF1A68108700A75B9A /* AppDelegate.h */,
				13B07FB01A68108700A75B9A /* AppDelegate.mm */,
				13B07FB51A68108700A75B9A /* Images.xcassets */,
				13B07FB61A68108700A75B9A /* Info.plist */,
				81AB9BB72411601600AC10FF /* LaunchScreen.storyboard */,
				13B07FB71A68108700A75B9A /* main.m */,
			);
			name = expensesmanager;
			sourceTree = "<group>";
		};
		2D16E6871FA4F8E400B85C8A /* Frameworks */ = {
			isa = PBXGroup;
			children = (
				D630F2672A36EEEC008B81E1 /* RNReactNativeHapticFeedback.framework */,
				D630F25A2A36EC6C008B81E1 /* RNReactNativeHapticFeedback.framework */,
				ED297162215061F000B7C4FE /* JavaScriptCore.framework */,
				AA3920AD1B88ACF93DC99E8F /* Pods_expensesmanager.framework */,
				6162DAD656319BEC957D43CD /* Pods_expensesmanager_expensesmanagerTests.framework */,
				4113EC4749816F6E982C2F76 /* Pods_OneSignalNotificationServiceExtension.framework */,
			);
			name = Frameworks;
			sourceTree = "<group>";
		};
		832341AE1AAA6A7D00B99B32 /* Libraries */ = {
			isa = PBXGroup;
			children = (
			);
			name = Libraries;
			sourceTree = "<group>";
		};
		83CBB9F61A601CBA00E9B192 = {
			isa = PBXGroup;
			children = (
				D6C7D42B2A62FFC400F10475 /* File.swift */,
				D6C6D9222A59BBF900BAC333 /* notification_secondary.wav */,
				D6C6D9202A59ADEF00BAC333 /* notification_primary.wav */,
				D668738C2A40B7AF000E22A1 /* GoogleService-Info.plist */,
				D66716692A38776200F60FBE /* Fonts */,
				13B07FAE1A68108700A75B9A /* expensesmanager */,
				832341AE1AAA6A7D00B99B32 /* Libraries */,
				00E356EF1AD99517003FC87E /* expensesmanagerTests */,
				D61867BA2A598A0C0059C9A3 /* OneSignalNotificationServiceExtension */,
				83CBBA001A601CBA00E9B192 /* Products */,
				2D16E6871FA4F8E400B85C8A /* Frameworks */,
				BBD78D7AC51CEA395F1C20DB /* Pods */,
				D62050CF2A62EEBD00E98BD2 /* expensesmanager-Bridging-Header.h */,
			);
			indentWidth = 2;
			sourceTree = "<group>";
			tabWidth = 2;
			usesTabs = 0;
		};
		83CBBA001A601CBA00E9B192 /* Products */ = {
			isa = PBXGroup;
			children = (
				13B07F961A680F5B00A75B9A /* expensesmanager.app */,
				00E356EE1AD99517003FC87E /* expensesmanagerTests.xctest */,
				D61867B92A598A0C0059C9A3 /* OneSignalNotificationServiceExtension.appex */,
			);
			name = Products;
			sourceTree = "<group>";
		};
		BBD78D7AC51CEA395F1C20DB /* Pods */ = {
			isa = PBXGroup;
			children = (
				3B4392A12AC88292D35C810B /* Pods-expensesmanager.debug.xcconfig */,
				5709B34CF0A7D63546082F79 /* Pods-expensesmanager.release.xcconfig */,
				5B7EB9410499542E8C5724F5 /* Pods-expensesmanager-expensesmanagerTests.debug.xcconfig */,
				89C6BE57DB24E9ADA2F236DE /* Pods-expensesmanager-expensesmanagerTests.release.xcconfig */,
				A699DC53BC2D46E9A89C678E /* Pods-OneSignalNotificationServiceExtension.debug.xcconfig */,
				7C36095DFAD59260726FD78F /* Pods-OneSignalNotificationServiceExtension.release.xcconfig */,
			);
			path = Pods;
			sourceTree = "<group>";
		};
		D61867BA2A598A0C0059C9A3 /* OneSignalNotificationServiceExtension */ = {
			isa = PBXGroup;
			children = (
				D6C6D91F2A598B7D00BAC333 /* OneSignalNotificationServiceExtension.entitlements */,
				D61867BB2A598A0C0059C9A3 /* NotificationService.swift */,
				D61867BD2A598A0C0059C9A3 /* Info.plist */,
			);
			path = OneSignalNotificationServiceExtension;
			sourceTree = "<group>";
		};
		D66716692A38776200F60FBE /* Fonts */ = {
			isa = PBXGroup;
			children = (
				D66716712A38778800F60FBE /* AntDesign.ttf */,
				D66716852A38778A00F60FBE /* Entypo.ttf */,
				D667167A2A38778900F60FBE /* EvilIcons.ttf */,
				D667167B2A38778900F60FBE /* Feather.ttf */,
				D66716862A38778A00F60FBE /* FontAwesome.ttf */,
				D66716762A38778900F60FBE /* FontAwesome5_Brands.ttf */,
				D66716872A38778A00F60FBE /* FontAwesome5_Regular.ttf */,
				D66716722A38778800F60FBE /* FontAwesome5_Solid.ttf */,
				D667166D2A38778800F60FBE /* Fontisto.ttf */,
				D66716822A38778900F60FBE /* Foundation.ttf */,
				D66716892A38778A00F60FBE /* Ionicons.ttf */,
				D66716812A38778900F60FBE /* Lato_400Regular.ttf */,
				D66716702A38778800F60FBE /* Lato_700Bold.ttf */,
				D66716832A38778900F60FBE /* Lato_900Black.ttf */,
				D667166F2A38778800F60FBE /* Lato-Black.ttf */,
				D66716732A38778800F60FBE /* Lato-Bold.ttf */,
				D667166B2A38778800F60FBE /* Lato-Regular.ttf */,
				D667166E2A38778800F60FBE /* MaterialCommunityIcons.ttf */,
				D66716752A38778800F60FBE /* MaterialIcons.ttf */,
				D66716882A38778A00F60FBE /* Montserrat_400Regular.ttf */,
				D667166A2A38778800F60FBE /* Montserrat_500Medium.ttf */,
				D66716742A38778800F60FBE /* Montserrat_600SemiBold.ttf */,
				D667167E2A38778900F60FBE /* Montserrat_700Bold.ttf */,
				D667166C2A38778800F60FBE /* Montserrat-Bold.ttf */,
				D66716772A38778900F60FBE /* Montserrat-Medium.ttf */,
				D667167C2A38778900F60FBE /* Montserrat-Regular.ttf */,
				D667167D2A38778900F60FBE /* Montserrat-SemiBold.ttf */,
				D66716782A38778900F60FBE /* Octicons.ttf */,
				D667167F2A38778900F60FBE /* Oswald_400Regular.ttf */,
				D66716842A38778900F60FBE /* Oswald-Regular.ttf */,
				D66716792A38778900F60FBE /* SimpleLineIcons.ttf */,
				D66716802A38778900F60FBE /* Zocial.ttf */,
			);
			path = Fonts;
			sourceTree = "<group>";
		};
/* End PBXGroup section */

/* Begin PBXNativeTarget section */
		00E356ED1AD99517003FC87E /* expensesmanagerTests */ = {
			isa = PBXNativeTarget;
			buildConfigurationList = 00E357021AD99517003FC87E /* Build configuration list for PBXNativeTarget "expensesmanagerTests" */;
			buildPhases = (
				A55EABD7B0C7F3A422A6CC61 /* [CP] Check Pods Manifest.lock */,
				00E356EA1AD99517003FC87E /* Sources */,
				00E356EB1AD99517003FC87E /* Frameworks */,
				00E356EC1AD99517003FC87E /* Resources */,
				C59DA0FBD6956966B86A3779 /* [CP] Embed Pods Frameworks */,
				815C3BB27F843C34EB9C8658 /* [CP] Copy Pods Resources */,
			);
			buildRules = (
			);
			dependencies = (
				00E356F51AD99517003FC87E /* PBXTargetDependency */,
			);
			name = expensesmanagerTests;
			productName = expensesmanagerTests;
			productReference = 00E356EE1AD99517003FC87E /* expensesmanagerTests.xctest */;
			productType = "com.apple.product-type.bundle.unit-test";
		};
		13B07F861A680F5B00A75B9A /* expensesmanager */ = {
			isa = PBXNativeTarget;
			buildConfigurationList = 13B07F931A680F5B00A75B9A /* Build configuration list for PBXNativeTarget "expensesmanager" */;
			buildPhases = (
				C38B50BA6285516D6DCD4F65 /* [CP] Check Pods Manifest.lock */,
				FD10A7F022414F080027D42C /* Start Packager */,
				13B07F871A680F5B00A75B9A /* Sources */,
				13B07F8C1A680F5B00A75B9A /* Frameworks */,
				13B07F8E1A680F5B00A75B9A /* Resources */,
				00DD1BFF1BD5951E006B06BC /* Bundle React Native code and images */,
				00EEFC60759A1932668264C0 /* [CP] Embed Pods Frameworks */,
				EA91F02654BADC4B85DFE686 /* [CP-User] [RNFB] Core Configuration */,
				032055AAB832B4AFF4EC9738 /* [CP] Copy Pods Resources */,
				D61867C12A598A0C0059C9A3 /* Embed Foundation Extensions */,
			);
			buildRules = (
			);
			dependencies = (
				D61867BF2A598A0C0059C9A3 /* PBXTargetDependency */,
			);
			name = expensesmanager;
			productName = expensesmanager;
			productReference = 13B07F961A680F5B00A75B9A /* expensesmanager.app */;
			productType = "com.apple.product-type.application";
		};
		D61867B82A598A0C0059C9A3 /* OneSignalNotificationServiceExtension */ = {
			isa = PBXNativeTarget;
			buildConfigurationList = D61867C42A598A0C0059C9A3 /* Build configuration list for PBXNativeTarget "OneSignalNotificationServiceExtension" */;
			buildPhases = (
				1DC0A618BD183FC385B8679F /* [CP] Check Pods Manifest.lock */,
				D61867B52A598A0C0059C9A3 /* Sources */,
				D61867B62A598A0C0059C9A3 /* Frameworks */,
				D61867B72A598A0C0059C9A3 /* Resources */,
			);
			buildRules = (
			);
			dependencies = (
			);
			name = OneSignalNotificationServiceExtension;
			productName = OneSignalNotificationServiceExtension;
			productReference = D61867B92A598A0C0059C9A3 /* OneSignalNotificationServiceExtension.appex */;
			productType = "com.apple.product-type.app-extension";
		};
/* End PBXNativeTarget section */

/* Begin PBXProject section */
		83CBB9F71A601CBA00E9B192 /* Project object */ = {
			isa = PBXProject;
			attributes = {
				LastSwiftUpdateCheck = 1430;
				LastUpgradeCheck = 1210;
				TargetAttributes = {
					00E356ED1AD99517003FC87E = {
						CreatedOnToolsVersion = 6.2;
						TestTargetID = 13B07F861A680F5B00A75B9A;
					};
					13B07F861A680F5B00A75B9A = {
						LastSwiftMigration = 1430;
					};
					D61867B82A598A0C0059C9A3 = {
						CreatedOnToolsVersion = 14.3.1;
					};
				};
			};
			buildConfigurationList = 83CBB9FA1A601CBA00E9B192 /* Build configuration list for PBXProject "expensesmanager" */;
			compatibilityVersion = "Xcode 12.0";
			developmentRegion = en;
			hasScannedForEncodings = 0;
			knownRegions = (
				en,
				Base,
			);
			mainGroup = 83CBB9F61A601CBA00E9B192;
			productRefGroup = 83CBBA001A601CBA00E9B192 /* Products */;
			projectDirPath = "";
			projectRoot = "";
			targets = (
				13B07F861A680F5B00A75B9A /* expensesmanager */,
				00E356ED1AD99517003FC87E /* expensesmanagerTests */,
				D61867B82A598A0C0059C9A3 /* OneSignalNotificationServiceExtension */,
			);
		};
/* End PBXProject section */

/* Begin PBXResourcesBuildPhase section */
		00E356EC1AD99517003FC87E /* Resources */ = {
			isa = PBXResourcesBuildPhase;
			buildActionMask = 2147483647;
			files = (
			);
			runOnlyForDeploymentPostprocessing = 0;
		};
		13B07F8E1A680F5B00A75B9A /* Resources */ = {
			isa = PBXResourcesBuildPhase;
			buildActionMask = 2147483647;
			files = (
				D667168A2A38778A00F60FBE /* Montserrat_500Medium.ttf in Resources */,
				D66716A22A38778A00F60FBE /* Foundation.ttf in Resources */,
				D66716902A38778A00F60FBE /* Lato_700Bold.ttf in Resources */,
				D66716A72A38778A00F60FBE /* FontAwesome5_Regular.ttf in Resources */,
				D66716952A38778A00F60FBE /* MaterialIcons.ttf in Resources */,
				D66716A12A38778A00F60FBE /* Lato_400Regular.ttf in Resources */,
				D667168F2A38778A00F60FBE /* Lato-Black.ttf in Resources */,
				D66716A02A38778A00F60FBE /* Zocial.ttf in Resources */,
				D66716972A38778A00F60FBE /* Montserrat-Medium.ttf in Resources */,
				81AB9BB82411601600AC10FF /* LaunchScreen.storyboard in Resources */,
				D66716A92A38778A00F60FBE /* Ionicons.ttf in Resources */,
				D667168C2A38778A00F60FBE /* Montserrat-Bold.ttf in Resources */,
				D66716932A38778A00F60FBE /* Lato-Bold.ttf in Resources */,
				D667169B2A38778A00F60FBE /* Feather.ttf in Resources */,
				D667168B2A38778A00F60FBE /* Lato-Regular.ttf in Resources */,
				D667169F2A38778A00F60FBE /* Oswald_400Regular.ttf in Resources */,
				13B07FBF1A68108700A75B9A /* Images.xcassets in Resources */,
				D66716982A38778A00F60FBE /* Octicons.ttf in Resources */,
				D667169C2A38778A00F60FBE /* Montserrat-Regular.ttf in Resources */,
				D66716992A38778A00F60FBE /* SimpleLineIcons.ttf in Resources */,
				D66716A32A38778A00F60FBE /* Lato_900Black.ttf in Resources */,
				D66716A62A38778A00F60FBE /* FontAwesome.ttf in Resources */,
				D66716962A38778A00F60FBE /* FontAwesome5_Brands.ttf in Resources */,
				D667169A2A38778A00F60FBE /* EvilIcons.ttf in Resources */,
				D667169E2A38778A00F60FBE /* Montserrat_700Bold.ttf in Resources */,
				D6C6D9232A59BBF900BAC333 /* notification_secondary.wav in Resources */,
				D66716A52A38778A00F60FBE /* Entypo.ttf in Resources */,
				D66716A82A38778A00F60FBE /* Montserrat_400Regular.ttf in Resources */,
				D668738D2A40B7AF000E22A1 /* GoogleService-Info.plist in Resources */,
				D66716942A38778A00F60FBE /* Montserrat_600SemiBold.ttf in Resources */,
				D667168E2A38778A00F60FBE /* MaterialCommunityIcons.ttf in Resources */,
				D6C6D9212A59ADEF00BAC333 /* notification_primary.wav in Resources */,
				D66716A42A38778A00F60FBE /* Oswald-Regular.ttf in Resources */,
				D66716922A38778A00F60FBE /* FontAwesome5_Solid.ttf in Resources */,
				D667169D2A38778A00F60FBE /* Montserrat-SemiBold.ttf in Resources */,
				D66716912A38778A00F60FBE /* AntDesign.ttf in Resources */,
				D667168D2A38778A00F60FBE /* Fontisto.ttf in Resources */,
			);
			runOnlyForDeploymentPostprocessing = 0;
		};
		D61867B72A598A0C0059C9A3 /* Resources */ = {
			isa = PBXResourcesBuildPhase;
			buildActionMask = 2147483647;
			files = (
			);
			runOnlyForDeploymentPostprocessing = 0;
		};
/* End PBXResourcesBuildPhase section */

/* Begin PBXShellScriptBuildPhase section */
		00DD1BFF1BD5951E006B06BC /* Bundle React Native code and images */ = {
			isa = PBXShellScriptBuildPhase;
			buildActionMask = 2147483647;
			files = (
			);
			inputPaths = (
				"$(SRCROOT)/.xcode.env.local",
				"$(SRCROOT)/.xcode.env",
			);
			name = "Bundle React Native code and images";
			outputPaths = (
			);
			runOnlyForDeploymentPostprocessing = 0;
			shellPath = /bin/sh;
			shellScript = "set -e\n\nWITH_ENVIRONMENT=\"../node_modules/react-native/scripts/xcode/with-environment.sh\"\nREACT_NATIVE_XCODE=\"../node_modules/react-native/scripts/react-native-xcode.sh\"\n\n/bin/sh -c \"$WITH_ENVIRONMENT $REACT_NATIVE_XCODE\"\n";
		};
		00EEFC60759A1932668264C0 /* [CP] Embed Pods Frameworks */ = {
			isa = PBXShellScriptBuildPhase;
			buildActionMask = 2147483647;
			files = (
			);
			inputFileListPaths = (
				"${PODS_ROOT}/Target Support Files/Pods-expensesmanager/Pods-expensesmanager-frameworks-${CONFIGURATION}-input-files.xcfilelist",
			);
			name = "[CP] Embed Pods Frameworks";
			outputFileListPaths = (
				"${PODS_ROOT}/Target Support Files/Pods-expensesmanager/Pods-expensesmanager-frameworks-${CONFIGURATION}-output-files.xcfilelist",
			);
			runOnlyForDeploymentPostprocessing = 0;
			shellPath = /bin/sh;
			shellScript = "\"${PODS_ROOT}/Target Support Files/Pods-expensesmanager/Pods-expensesmanager-frameworks.sh\"\n";
			showEnvVarsInLog = 0;
		};
		032055AAB832B4AFF4EC9738 /* [CP] Copy Pods Resources */ = {
			isa = PBXShellScriptBuildPhase;
			buildActionMask = 2147483647;
			files = (
			);
			inputFileListPaths = (
				"${PODS_ROOT}/Target Support Files/Pods-expensesmanager/Pods-expensesmanager-resources-${CONFIGURATION}-input-files.xcfilelist",
			);
			name = "[CP] Copy Pods Resources";
			outputFileListPaths = (
				"${PODS_ROOT}/Target Support Files/Pods-expensesmanager/Pods-expensesmanager-resources-${CONFIGURATION}-output-files.xcfilelist",
			);
			runOnlyForDeploymentPostprocessing = 0;
			shellPath = /bin/sh;
			shellScript = "\"${PODS_ROOT}/Target Support Files/Pods-expensesmanager/Pods-expensesmanager-resources.sh\"\n";
			showEnvVarsInLog = 0;
		};
		1DC0A618BD183FC385B8679F /* [CP] Check Pods Manifest.lock */ = {
			isa = PBXShellScriptBuildPhase;
			buildActionMask = 2147483647;
			files = (
			);
			inputFileListPaths = (
			);
			inputPaths = (
				"${PODS_PODFILE_DIR_PATH}/Podfile.lock",
				"${PODS_ROOT}/Manifest.lock",
			);
			name = "[CP] Check Pods Manifest.lock";
			outputFileListPaths = (
			);
			outputPaths = (
				"$(DERIVED_FILE_DIR)/Pods-OneSignalNotificationServiceExtension-checkManifestLockResult.txt",
			);
			runOnlyForDeploymentPostprocessing = 0;
			shellPath = /bin/sh;
			shellScript = "diff \"${PODS_PODFILE_DIR_PATH}/Podfile.lock\" \"${PODS_ROOT}/Manifest.lock\" > /dev/null\nif [ $? != 0 ] ; then\n    # print error to STDERR\n    echo \"error: The sandbox is not in sync with the Podfile.lock. Run 'pod install' or update your CocoaPods installation.\" >&2\n    exit 1\nfi\n# This output is used by Xcode 'outputs' to avoid re-running this script phase.\necho \"SUCCESS\" > \"${SCRIPT_OUTPUT_FILE_0}\"\n";
			showEnvVarsInLog = 0;
		};
		815C3BB27F843C34EB9C8658 /* [CP] Copy Pods Resources */ = {
			isa = PBXShellScriptBuildPhase;
			buildActionMask = 2147483647;
			files = (
			);
			inputFileListPaths = (
				"${PODS_ROOT}/Target Support Files/Pods-expensesmanager-expensesmanagerTests/Pods-expensesmanager-expensesmanagerTests-resources-${CONFIGURATION}-input-files.xcfilelist",
			);
			name = "[CP] Copy Pods Resources";
			outputFileListPaths = (
				"${PODS_ROOT}/Target Support Files/Pods-expensesmanager-expensesmanagerTests/Pods-expensesmanager-expensesmanagerTests-resources-${CONFIGURATION}-output-files.xcfilelist",
			);
			runOnlyForDeploymentPostprocessing = 0;
			shellPath = /bin/sh;
			shellScript = "\"${PODS_ROOT}/Target Support Files/Pods-expensesmanager-expensesmanagerTests/Pods-expensesmanager-expensesmanagerTests-resources.sh\"\n";
			showEnvVarsInLog = 0;
		};
		A55EABD7B0C7F3A422A6CC61 /* [CP] Check Pods Manifest.lock */ = {
			isa = PBXShellScriptBuildPhase;
			buildActionMask = 2147483647;
			files = (
			);
			inputFileListPaths = (
			);
			inputPaths = (
				"${PODS_PODFILE_DIR_PATH}/Podfile.lock",
				"${PODS_ROOT}/Manifest.lock",
			);
			name = "[CP] Check Pods Manifest.lock";
			outputFileListPaths = (
			);
			outputPaths = (
				"$(DERIVED_FILE_DIR)/Pods-expensesmanager-expensesmanagerTests-checkManifestLockResult.txt",
			);
			runOnlyForDeploymentPostprocessing = 0;
			shellPath = /bin/sh;
			shellScript = "diff \"${PODS_PODFILE_DIR_PATH}/Podfile.lock\" \"${PODS_ROOT}/Manifest.lock\" > /dev/null\nif [ $? != 0 ] ; then\n    # print error to STDERR\n    echo \"error: The sandbox is not in sync with the Podfile.lock. Run 'pod install' or update your CocoaPods installation.\" >&2\n    exit 1\nfi\n# This output is used by Xcode 'outputs' to avoid re-running this script phase.\necho \"SUCCESS\" > \"${SCRIPT_OUTPUT_FILE_0}\"\n";
			showEnvVarsInLog = 0;
		};
		C38B50BA6285516D6DCD4F65 /* [CP] Check Pods Manifest.lock */ = {
			isa = PBXShellScriptBuildPhase;
			buildActionMask = 2147483647;
			files = (
			);
			inputFileListPaths = (
			);
			inputPaths = (
				"${PODS_PODFILE_DIR_PATH}/Podfile.lock",
				"${PODS_ROOT}/Manifest.lock",
			);
			name = "[CP] Check Pods Manifest.lock";
			outputFileListPaths = (
			);
			outputPaths = (
				"$(DERIVED_FILE_DIR)/Pods-expensesmanager-checkManifestLockResult.txt",
			);
			runOnlyForDeploymentPostprocessing = 0;
			shellPath = /bin/sh;
			shellScript = "diff \"${PODS_PODFILE_DIR_PATH}/Podfile.lock\" \"${PODS_ROOT}/Manifest.lock\" > /dev/null\nif [ $? != 0 ] ; then\n    # print error to STDERR\n    echo \"error: The sandbox is not in sync with the Podfile.lock. Run 'pod install' or update your CocoaPods installation.\" >&2\n    exit 1\nfi\n# This output is used by Xcode 'outputs' to avoid re-running this script phase.\necho \"SUCCESS\" > \"${SCRIPT_OUTPUT_FILE_0}\"\n";
			showEnvVarsInLog = 0;
		};
		C59DA0FBD6956966B86A3779 /* [CP] Embed Pods Frameworks */ = {
			isa = PBXShellScriptBuildPhase;
			buildActionMask = 2147483647;
			files = (
			);
			inputFileListPaths = (
				"${PODS_ROOT}/Target Support Files/Pods-expensesmanager-expensesmanagerTests/Pods-expensesmanager-expensesmanagerTests-frameworks-${CONFIGURATION}-input-files.xcfilelist",
			);
			name = "[CP] Embed Pods Frameworks";
			outputFileListPaths = (
				"${PODS_ROOT}/Target Support Files/Pods-expensesmanager-expensesmanagerTests/Pods-expensesmanager-expensesmanagerTests-frameworks-${CONFIGURATION}-output-files.xcfilelist",
			);
			runOnlyForDeploymentPostprocessing = 0;
			shellPath = /bin/sh;
			shellScript = "\"${PODS_ROOT}/Target Support Files/Pods-expensesmanager-expensesmanagerTests/Pods-expensesmanager-expensesmanagerTests-frameworks.sh\"\n";
			showEnvVarsInLog = 0;
		};
		EA91F02654BADC4B85DFE686 /* [CP-User] [RNFB] Core Configuration */ = {
			isa = PBXShellScriptBuildPhase;
			buildActionMask = 2147483647;
			files = (
			);
			inputPaths = (
				"$(BUILT_PRODUCTS_DIR)/$(INFOPLIST_PATH)",
			);
			name = "[CP-User] [RNFB] Core Configuration";
			runOnlyForDeploymentPostprocessing = 0;
			shellPath = /bin/sh;
			shellScript = "#!/usr/bin/env bash\n#\n# Copyright (c) 2016-present Invertase Limited & Contributors\n#\n# Licensed under the Apache License, Version 2.0 (the \"License\");\n# you may not use this library except in compliance with the License.\n# You may obtain a copy of the License at\n#\n#   http://www.apache.org/licenses/LICENSE-2.0\n#\n# Unless required by applicable law or agreed to in writing, software\n# distributed under the License is distributed on an \"AS IS\" BASIS,\n# WITHOUT WARRANTIES OR CONDITIONS OF ANY KIND, either express or implied.\n# See the License for the specific language governing permissions and\n# limitations under the License.\n#\nset -e\n\n_MAX_LOOKUPS=2;\n_SEARCH_RESULT=''\n_RN_ROOT_EXISTS=''\n_CURRENT_LOOKUPS=1\n_JSON_ROOT=\"'react-native'\"\n_JSON_FILE_NAME='firebase.json'\n_JSON_OUTPUT_BASE64='e30=' # { }\n_CURRENT_SEARCH_DIR=${PROJECT_DIR}\n_PLIST_BUDDY=/usr/libexec/PlistBuddy\n_TARGET_PLIST=\"${BUILT_PRODUCTS_DIR}/${INFOPLIST_PATH}\"\n_DSYM_PLIST=\"${DWARF_DSYM_FOLDER_PATH}/${DWARF_DSYM_FILE_NAME}/Contents/Info.plist\"\n\n# plist arrays\n_PLIST_ENTRY_KEYS=()\n_PLIST_ENTRY_TYPES=()\n_PLIST_ENTRY_VALUES=()\n\nfunction setPlistValue {\n  echo \"info:      setting plist entry '$1' of type '$2' in file '$4'\"\n  ${_PLIST_BUDDY} -c \"Add :$1 $2 '$3'\" $4 || echo \"info:      '$1' already exists\"\n}\n\nfunction getFirebaseJsonKeyValue () {\n  if [[ ${_RN_ROOT_EXISTS} ]]; then\n    ruby -Ku -e \"require 'rubygems';require 'json'; output=JSON.parse('$1'); puts output[$_JSON_ROOT]['$2']\"\n  else\n    echo \"\"\n  fi;\n}\n\nfunction jsonBoolToYesNo () {\n  if [[ $1 == \"false\" ]]; then\n    echo \"NO\"\n  elif [[ $1 == \"true\" ]]; then\n    echo \"YES\"\n  else echo \"NO\"\n  fi\n}\n\necho \"info: -> RNFB build script started\"\necho \"info: 1) Locating ${_JSON_FILE_NAME} file:\"\n\nif [[ -z ${_CURRENT_SEARCH_DIR} ]]; then\n  _CURRENT_SEARCH_DIR=$(pwd)\nfi;\n\nwhile true; do\n  _CURRENT_SEARCH_DIR=$(dirname \"$_CURRENT_SEARCH_DIR\")\n  if [[ \"$_CURRENT_SEARCH_DIR\" == \"/\" ]] || [[ ${_CURRENT_LOOKUPS} -gt ${_MAX_LOOKUPS} ]]; then break; fi;\n  echo \"info:      ($_CURRENT_LOOKUPS of $_MAX_LOOKUPS) Searching in '$_CURRENT_SEARCH_DIR' for a ${_JSON_FILE_NAME} file.\"\n  _SEARCH_RESULT=$(find \"$_CURRENT_SEARCH_DIR\" -maxdepth 2 -name ${_JSON_FILE_NAME} -print | /usr/bin/head -n 1)\n  if [[ ${_SEARCH_RESULT} ]]; then\n    echo \"info:      ${_JSON_FILE_NAME} found at $_SEARCH_RESULT\"\n    break;\n  fi;\n  _CURRENT_LOOKUPS=$((_CURRENT_LOOKUPS+1))\ndone\n\nif [[ ${_SEARCH_RESULT} ]]; then\n  _JSON_OUTPUT_RAW=$(cat \"${_SEARCH_RESULT}\")\n  _RN_ROOT_EXISTS=$(ruby -Ku -e \"require 'rubygems';require 'json'; output=JSON.parse('$_JSON_OUTPUT_RAW'); puts output[$_JSON_ROOT]\" || echo '')\n\n  if [[ ${_RN_ROOT_EXISTS} ]]; then\n    if ! python3 --version >/dev/null 2>&1; then echo \"python3 not found, firebase.json file processing error.\" && exit 1; fi\n    _JSON_OUTPUT_BASE64=$(python3 -c 'import json,sys,base64;print(base64.b64encode(bytes(json.dumps(json.loads(open('\"'${_SEARCH_RESULT}'\"', '\"'rb'\"').read())['${_JSON_ROOT}']), '\"'utf-8'\"')).decode())' || echo \"e30=\")\n  fi\n\n  _PLIST_ENTRY_KEYS+=(\"firebase_json_raw\")\n  _PLIST_ENTRY_TYPES+=(\"string\")\n  _PLIST_ENTRY_VALUES+=(\"$_JSON_OUTPUT_BASE64\")\n\n  # config.app_data_collection_default_enabled\n  _APP_DATA_COLLECTION_ENABLED=$(getFirebaseJsonKeyValue \"$_JSON_OUTPUT_RAW\" \"app_data_collection_default_enabled\")\n  if [[ $_APP_DATA_COLLECTION_ENABLED ]]; then\n    _PLIST_ENTRY_KEYS+=(\"FirebaseDataCollectionDefaultEnabled\")\n    _PLIST_ENTRY_TYPES+=(\"bool\")\n    _PLIST_ENTRY_VALUES+=(\"$(jsonBoolToYesNo \"$_APP_DATA_COLLECTION_ENABLED\")\")\n  fi\n\n  # config.analytics_auto_collection_enabled\n  _ANALYTICS_AUTO_COLLECTION=$(getFirebaseJsonKeyValue \"$_JSON_OUTPUT_RAW\" \"analytics_auto_collection_enabled\")\n  if [[ $_ANALYTICS_AUTO_COLLECTION ]]; then\n    _PLIST_ENTRY_KEYS+=(\"FIREBASE_ANALYTICS_COLLECTION_ENABLED\")\n    _PLIST_ENTRY_TYPES+=(\"bool\")\n    _PLIST_ENTRY_VALUES+=(\"$(jsonBoolToYesNo \"$_ANALYTICS_AUTO_COLLECTION\")\")\n  fi\n\n  # config.analytics_collection_deactivated\n  _ANALYTICS_DEACTIVATED=$(getFirebaseJsonKeyValue \"$_JSON_OUTPUT_RAW\" \"analytics_collection_deactivated\")\n  if [[ $_ANALYTICS_DEACTIVATED ]]; then\n    _PLIST_ENTRY_KEYS+=(\"FIREBASE_ANALYTICS_COLLECTION_DEACTIVATED\")\n    _PLIST_ENTRY_TYPES+=(\"bool\")\n    _PLIST_ENTRY_VALUES+=(\"$(jsonBoolToYesNo \"$_ANALYTICS_DEACTIVATED\")\")\n  fi\n\n  # config.analytics_idfv_collection_enabled\n  _ANALYTICS_IDFV_COLLECTION=$(getFirebaseJsonKeyValue \"$_JSON_OUTPUT_RAW\" \"analytics_idfv_collection_enabled\")\n  if [[ $_ANALYTICS_IDFV_COLLECTION ]]; then\n    _PLIST_ENTRY_KEYS+=(\"GOOGLE_ANALYTICS_IDFV_COLLECTION_ENABLED\")\n    _PLIST_ENTRY_TYPES+=(\"bool\")\n    _PLIST_ENTRY_VALUES+=(\"$(jsonBoolToYesNo \"$_ANALYTICS_IDFV_COLLECTION\")\")\n  fi\n\n  # config.analytics_default_allow_ad_personalization_signals\n  _ANALYTICS_PERSONALIZATION=$(getFirebaseJsonKeyValue \"$_JSON_OUTPUT_RAW\" \"analytics_default_allow_ad_personalization_signals\")\n  if [[ $_ANALYTICS_PERSONALIZATION ]]; then\n    _PLIST_ENTRY_KEYS+=(\"GOOGLE_ANALYTICS_DEFAULT_ALLOW_AD_PERSONALIZATION_SIGNALS\")\n    _PLIST_ENTRY_TYPES+=(\"bool\")\n    _PLIST_ENTRY_VALUES+=(\"$(jsonBoolToYesNo \"$_ANALYTICS_PERSONALIZATION\")\")\n  fi\n\n  # config.analytics_registration_with_ad_network_enabled\n  _ANALYTICS_REGISTRATION_WITH_AD_NETWORK=$(getFirebaseJsonKeyValue \"$_JSON_OUTPUT_RAW\" \"google_analytics_registration_with_ad_network_enabled\")\n  if [[ $_ANALYTICS_REGISTRATION_WITH_AD_NETWORK ]]; then\n    _PLIST_ENTRY_KEYS+=(\"GOOGLE_ANALYTICS_REGISTRATION_WITH_AD_NETWORK_ENABLED\")\n    _PLIST_ENTRY_TYPES+=(\"bool\")\n    _PLIST_ENTRY_VALUES+=(\"$(jsonBoolToYesNo \"$_ANALYTICS_REGISTRATION_WITH_AD_NETWORK\")\")\n  fi\n\n  # config.google_analytics_automatic_screen_reporting_enabled\n  _ANALYTICS_AUTO_SCREEN_REPORTING=$(getFirebaseJsonKeyValue \"$_JSON_OUTPUT_RAW\" \"google_analytics_automatic_screen_reporting_enabled\")\n  if [[ $_ANALYTICS_AUTO_SCREEN_REPORTING ]]; then\n    _PLIST_ENTRY_KEYS+=(\"FirebaseAutomaticScreenReportingEnabled\")\n    _PLIST_ENTRY_TYPES+=(\"bool\")\n    _PLIST_ENTRY_VALUES+=(\"$(jsonBoolToYesNo \"$_ANALYTICS_AUTO_SCREEN_REPORTING\")\")\n  fi\n\n  # config.perf_auto_collection_enabled\n  _PERF_AUTO_COLLECTION=$(getFirebaseJsonKeyValue \"$_JSON_OUTPUT_RAW\" \"perf_auto_collection_enabled\")\n  if [[ $_PERF_AUTO_COLLECTION ]]; then\n    _PLIST_ENTRY_KEYS+=(\"firebase_performance_collection_enabled\")\n    _PLIST_ENTRY_TYPES+=(\"bool\")\n    _PLIST_ENTRY_VALUES+=(\"$(jsonBoolToYesNo \"$_PERF_AUTO_COLLECTION\")\")\n  fi\n\n  # config.perf_collection_deactivated\n  _PERF_DEACTIVATED=$(getFirebaseJsonKeyValue \"$_JSON_OUTPUT_RAW\" \"perf_collection_deactivated\")\n  if [[ $_PERF_DEACTIVATED ]]; then\n    _PLIST_ENTRY_KEYS+=(\"firebase_performance_collection_deactivated\")\n    _PLIST_ENTRY_TYPES+=(\"bool\")\n    _PLIST_ENTRY_VALUES+=(\"$(jsonBoolToYesNo \"$_PERF_DEACTIVATED\")\")\n  fi\n\n  # config.messaging_auto_init_enabled\n  _MESSAGING_AUTO_INIT=$(getFirebaseJsonKeyValue \"$_JSON_OUTPUT_RAW\" \"messaging_auto_init_enabled\")\n  if [[ $_MESSAGING_AUTO_INIT ]]; then\n    _PLIST_ENTRY_KEYS+=(\"FirebaseMessagingAutoInitEnabled\")\n    _PLIST_ENTRY_TYPES+=(\"bool\")\n    _PLIST_ENTRY_VALUES+=(\"$(jsonBoolToYesNo \"$_MESSAGING_AUTO_INIT\")\")\n  fi\n\n  # config.in_app_messaging_auto_colllection_enabled\n  _FIAM_AUTO_INIT=$(getFirebaseJsonKeyValue \"$_JSON_OUTPUT_RAW\" \"in_app_messaging_auto_collection_enabled\")\n  if [[ $_FIAM_AUTO_INIT ]]; then\n    _PLIST_ENTRY_KEYS+=(\"FirebaseInAppMessagingAutomaticDataCollectionEnabled\")\n    _PLIST_ENTRY_TYPES+=(\"bool\")\n    _PLIST_ENTRY_VALUES+=(\"$(jsonBoolToYesNo \"$_FIAM_AUTO_INIT\")\")\n  fi\n\n  # config.app_check_token_auto_refresh\n  _APP_CHECK_TOKEN_AUTO_REFRESH=$(getFirebaseJsonKeyValue \"$_JSON_OUTPUT_RAW\" \"app_check_token_auto_refresh\")\n  if [[ $_APP_CHECK_TOKEN_AUTO_REFRESH ]]; then\n    _PLIST_ENTRY_KEYS+=(\"FirebaseAppCheckTokenAutoRefreshEnabled\")\n    _PLIST_ENTRY_TYPES+=(\"bool\")\n    _PLIST_ENTRY_VALUES+=(\"$(jsonBoolToYesNo \"$_APP_CHECK_TOKEN_AUTO_REFRESH\")\")\n  fi\n\n  # config.crashlytics_disable_auto_disabler - undocumented for now - mainly for debugging, document if becomes useful\n  _CRASHLYTICS_AUTO_DISABLE_ENABLED=$(getFirebaseJsonKeyValue \"$_JSON_OUTPUT_RAW\" \"crashlytics_disable_auto_disabler\")\n  if [[ $_CRASHLYTICS_AUTO_DISABLE_ENABLED == \"true\" ]]; then\n    echo \"Disabled Crashlytics auto disabler.\" # do nothing\n  else\n    _PLIST_ENTRY_KEYS+=(\"FirebaseCrashlyticsCollectionEnabled\")\n    _PLIST_ENTRY_TYPES+=(\"bool\")\n    _PLIST_ENTRY_VALUES+=(\"NO\")\n  fi\nelse\n  _PLIST_ENTRY_KEYS+=(\"firebase_json_raw\")\n  _PLIST_ENTRY_TYPES+=(\"string\")\n  _PLIST_ENTRY_VALUES+=(\"$_JSON_OUTPUT_BASE64\")\n  echo \"warning:   A firebase.json file was not found, whilst this file is optional it is recommended to include it to configure firebase services in React Native Firebase.\"\nfi;\n\necho \"info: 2) Injecting Info.plist entries: \"\n\n# Log out the keys we're adding\nfor i in \"${!_PLIST_ENTRY_KEYS[@]}\"; do\n  echo \"    ->  $i) ${_PLIST_ENTRY_KEYS[$i]}\" \"${_PLIST_ENTRY_TYPES[$i]}\" \"${_PLIST_ENTRY_VALUES[$i]}\"\ndone\n\nfor plist in \"${_TARGET_PLIST}\" \"${_DSYM_PLIST}\" ; do\n  if [[ -f \"${plist}\" ]]; then\n\n    # paths with spaces break the call to setPlistValue. temporarily modify\n    # the shell internal field separator variable (IFS), which normally\n    # includes spaces, to consist only of line breaks\n    oldifs=$IFS\n    IFS=\"\n\"\n\n    for i in \"${!_PLIST_ENTRY_KEYS[@]}\"; do\n      setPlistValue \"${_PLIST_ENTRY_KEYS[$i]}\" \"${_PLIST_ENTRY_TYPES[$i]}\" \"${_PLIST_ENTRY_VALUES[$i]}\" \"${plist}\"\n    done\n\n    # restore the original internal field separator value\n    IFS=$oldifs\n  else\n    echo \"warning:   A Info.plist build output file was not found (${plist})\"\n  fi\ndone\n\necho \"info: <- RNFB build script finished\"\n";
		};
		FD10A7F022414F080027D42C /* Start Packager */ = {
			isa = PBXShellScriptBuildPhase;
			buildActionMask = 2147483647;
			files = (
			);
			inputFileListPaths = (
			);
			inputPaths = (
			);
			name = "Start Packager";
			outputFileListPaths = (
			);
			outputPaths = (
			);
			runOnlyForDeploymentPostprocessing = 0;
			shellPath = /bin/sh;
			shellScript = "export RCT_METRO_PORT=\"${RCT_METRO_PORT:=8081}\"\necho \"export RCT_METRO_PORT=${RCT_METRO_PORT}\" > \"${SRCROOT}/../node_modules/react-native/scripts/.packager.env\"\nif [ -z \"${RCT_NO_LAUNCH_PACKAGER+xxx}\" ] ; then\n  if nc -w 5 -z localhost ${RCT_METRO_PORT} ; then\n    if ! curl -s \"http://localhost:${RCT_METRO_PORT}/status\" | grep -q \"packager-status:running\" ; then\n      echo \"Port ${RCT_METRO_PORT} already in use, packager is either not running or not running correctly\"\n      exit 2\n    fi\n  else\n    open \"$SRCROOT/../node_modules/react-native/scripts/launchPackager.command\" || echo \"Can't start packager automatically\"\n  fi\nfi\n";
			showEnvVarsInLog = 0;
		};
/* End PBXShellScriptBuildPhase section */

/* Begin PBXSourcesBuildPhase section */
		00E356EA1AD99517003FC87E /* Sources */ = {
			isa = PBXSourcesBuildPhase;
			buildActionMask = 2147483647;
			files = (
				00E356F31AD99517003FC87E /* expensesmanagerTests.m in Sources */,
			);
			runOnlyForDeploymentPostprocessing = 0;
		};
		13B07F871A680F5B00A75B9A /* Sources */ = {
			isa = PBXSourcesBuildPhase;
			buildActionMask = 2147483647;
			files = (
				13B07FBC1A68108700A75B9A /* AppDelegate.mm in Sources */,
				D6C7D42C2A62FFC400F10475 /* File.swift in Sources */,
				13B07FC11A68108700A75B9A /* main.m in Sources */,
			);
			runOnlyForDeploymentPostprocessing = 0;
		};
		D61867B52A598A0C0059C9A3 /* Sources */ = {
			isa = PBXSourcesBuildPhase;
			buildActionMask = 2147483647;
			files = (
				D61867BC2A598A0C0059C9A3 /* NotificationService.swift in Sources */,
			);
			runOnlyForDeploymentPostprocessing = 0;
		};
/* End PBXSourcesBuildPhase section */

/* Begin PBXTargetDependency section */
		00E356F51AD99517003FC87E /* PBXTargetDependency */ = {
			isa = PBXTargetDependency;
			target = 13B07F861A680F5B00A75B9A /* expensesmanager */;
			targetProxy = 00E356F41AD99517003FC87E /* PBXContainerItemProxy */;
		};
		D61867BF2A598A0C0059C9A3 /* PBXTargetDependency */ = {
			isa = PBXTargetDependency;
			target = D61867B82A598A0C0059C9A3 /* OneSignalNotificationServiceExtension */;
			targetProxy = D61867BE2A598A0C0059C9A3 /* PBXContainerItemProxy */;
		};
/* End PBXTargetDependency section */

/* Begin XCBuildConfiguration section */
		00E356F61AD99517003FC87E /* Debug */ = {
			isa = XCBuildConfiguration;
			baseConfigurationReference = 5B7EB9410499542E8C5724F5 /* Pods-expensesmanager-expensesmanagerTests.debug.xcconfig */;
			buildSettings = {
				ALWAYS_EMBED_SWIFT_STANDARD_LIBRARIES = YES;
				BUNDLE_LOADER = "$(TEST_HOST)";
				GCC_PREPROCESSOR_DEFINITIONS = (
					"DEBUG=1",
					"$(inherited)",
				);
				INFOPLIST_FILE = expensesmanagerTests/Info.plist;
				IPHONEOS_DEPLOYMENT_TARGET = 12.4;
				LD_RUNPATH_SEARCH_PATHS = (
					"$(inherited)",
					"@executable_path/Frameworks",
					"@loader_path/Frameworks",
				);
				OTHER_LDFLAGS = (
					"-ObjC",
					"-lc++",
					"$(inherited)",
				);
				PRODUCT_BUNDLE_IDENTIFIER = "org.reactjs.native.example.$(PRODUCT_NAME:rfc1034identifier)";
				PRODUCT_NAME = "$(TARGET_NAME)";
				TEST_HOST = "$(BUILT_PRODUCTS_DIR)/expensesmanager.app/expensesmanager";
			};
			name = Debug;
		};
		00E356F71AD99517003FC87E /* Release */ = {
			isa = XCBuildConfiguration;
			baseConfigurationReference = 89C6BE57DB24E9ADA2F236DE /* Pods-expensesmanager-expensesmanagerTests.release.xcconfig */;
			buildSettings = {
				ALWAYS_EMBED_SWIFT_STANDARD_LIBRARIES = YES;
				BUNDLE_LOADER = "$(TEST_HOST)";
				COPY_PHASE_STRIP = NO;
				INFOPLIST_FILE = expensesmanagerTests/Info.plist;
				IPHONEOS_DEPLOYMENT_TARGET = 12.4;
				LD_RUNPATH_SEARCH_PATHS = (
					"$(inherited)",
					"@executable_path/Frameworks",
					"@loader_path/Frameworks",
				);
				OTHER_LDFLAGS = (
					"-ObjC",
					"-lc++",
					"$(inherited)",
				);
				PRODUCT_BUNDLE_IDENTIFIER = "org.reactjs.native.example.$(PRODUCT_NAME:rfc1034identifier)";
				PRODUCT_NAME = "$(TARGET_NAME)";
				TEST_HOST = "$(BUILT_PRODUCTS_DIR)/expensesmanager.app/expensesmanager";
			};
			name = Release;
		};
		13B07F941A680F5B00A75B9A /* Debug */ = {
			isa = XCBuildConfiguration;
			baseConfigurationReference = 3B4392A12AC88292D35C810B /* Pods-expensesmanager.debug.xcconfig */;
			buildSettings = {
				ALWAYS_EMBED_SWIFT_STANDARD_LIBRARIES = YES;
				ASSETCATALOG_COMPILER_APPICON_NAME = AppIcon;
				CLANG_ENABLE_MODULES = YES;
				CODE_SIGN_ENTITLEMENTS = expensesmanager/expensesmanager.entitlements;
				CURRENT_PROJECT_VERSION = 2;
				DEVELOPMENT_TEAM = VMGHBGB9S9;
				ENABLE_BITCODE = NO;
				INFOPLIST_FILE = expensesmanager/Info.plist;
				LD_RUNPATH_SEARCH_PATHS = (
					"$(inherited)",
					"@executable_path/Frameworks",
				);
				MARKETING_VERSION = 1.0.3;
				OTHER_LDFLAGS = (
					"$(inherited)",
					"-ObjC",
					"-lc++",
				);
				PRODUCT_BUNDLE_IDENTIFIER = com.webwizard.expensesmanager;
				PRODUCT_NAME = expensesmanager;
				SWIFT_OBJC_BRIDGING_HEADER = "expensesmanager-Bridging-Header.h";
				SWIFT_OPTIMIZATION_LEVEL = "-Onone";
				SWIFT_VERSION = 5.0;
				VERSIONING_SYSTEM = "apple-generic";
			};
			name = Debug;
		};
		13B07F951A680F5B00A75B9A /* Release */ = {
			isa = XCBuildConfiguration;
			baseConfigurationReference = 5709B34CF0A7D63546082F79 /* Pods-expensesmanager.release.xcconfig */;
			buildSettings = {
				ALWAYS_EMBED_SWIFT_STANDARD_LIBRARIES = YES;
				ASSETCATALOG_COMPILER_APPICON_NAME = AppIcon;
				CLANG_ENABLE_MODULES = YES;
				CODE_SIGN_ENTITLEMENTS = expensesmanager/expensesmanager.entitlements;
				CURRENT_PROJECT_VERSION = 2;
				DEVELOPMENT_TEAM = VMGHBGB9S9;
				INFOPLIST_FILE = expensesmanager/Info.plist;
				LD_RUNPATH_SEARCH_PATHS = (
					"$(inherited)",
					"@executable_path/Frameworks",
				);
				MARKETING_VERSION = 1.0.3;
				OTHER_LDFLAGS = (
					"$(inherited)",
					"-ObjC",
					"-lc++",
				);
				PRODUCT_BUNDLE_IDENTIFIER = com.webwizard.expensesmanager;
				PRODUCT_NAME = expensesmanager;
				SWIFT_OBJC_BRIDGING_HEADER = "expensesmanager-Bridging-Header.h";
				SWIFT_VERSION = 5.0;
				VERSIONING_SYSTEM = "apple-generic";
			};
			name = Release;
		};
		83CBBA201A601CBA00E9B192 /* Debug */ = {
			isa = XCBuildConfiguration;
			buildSettings = {
				ALWAYS_SEARCH_USER_PATHS = NO;
				CLANG_ANALYZER_LOCALIZABILITY_NONLOCALIZED = YES;
				CLANG_CXX_LANGUAGE_STANDARD = "c++17";
				CLANG_CXX_LIBRARY = "libc++";
				CLANG_ENABLE_MODULES = YES;
				CLANG_ENABLE_OBJC_ARC = YES;
				CLANG_WARN_BLOCK_CAPTURE_AUTORELEASING = YES;
				CLANG_WARN_BOOL_CONVERSION = YES;
				CLANG_WARN_COMMA = YES;
				CLANG_WARN_CONSTANT_CONVERSION = YES;
				CLANG_WARN_DEPRECATED_OBJC_IMPLEMENTATIONS = YES;
				CLANG_WARN_DIRECT_OBJC_ISA_USAGE = YES_ERROR;
				CLANG_WARN_EMPTY_BODY = YES;
				CLANG_WARN_ENUM_CONVERSION = YES;
				CLANG_WARN_INFINITE_RECURSION = YES;
				CLANG_WARN_INT_CONVERSION = YES;
				CLANG_WARN_NON_LITERAL_NULL_CONVERSION = YES;
				CLANG_WARN_OBJC_IMPLICIT_RETAIN_SELF = YES;
				CLANG_WARN_OBJC_LITERAL_CONVERSION = YES;
				CLANG_WARN_OBJC_ROOT_CLASS = YES_ERROR;
				CLANG_WARN_QUOTED_INCLUDE_IN_FRAMEWORK_HEADER = YES;
				CLANG_WARN_RANGE_LOOP_ANALYSIS = YES;
				CLANG_WARN_STRICT_PROTOTYPES = YES;
				CLANG_WARN_SUSPICIOUS_MOVE = YES;
				CLANG_WARN_UNREACHABLE_CODE = YES;
				CLANG_WARN__DUPLICATE_METHOD_MATCH = YES;
				"CODE_SIGN_IDENTITY[sdk=iphoneos*]" = "iPhone Developer";
				COPY_PHASE_STRIP = NO;
				CURRENT_PROJECT_VERSION = 1;
				ENABLE_STRICT_OBJC_MSGSEND = YES;
				ENABLE_TESTABILITY = YES;
				"EXCLUDED_ARCHS[sdk=iphonesimulator*]" = i386;
				GCC_C_LANGUAGE_STANDARD = gnu99;
				GCC_DYNAMIC_NO_PIC = NO;
				GCC_NO_COMMON_BLOCKS = YES;
				GCC_OPTIMIZATION_LEVEL = 0;
				GCC_PREPROCESSOR_DEFINITIONS = (
					"DEBUG=1",
					"$(inherited)",
				);
				GCC_SYMBOLS_PRIVATE_EXTERN = NO;
				GCC_WARN_64_TO_32_BIT_CONVERSION = YES;
				GCC_WARN_ABOUT_RETURN_TYPE = YES_ERROR;
				GCC_WARN_UNDECLARED_SELECTOR = YES;
				GCC_WARN_UNINITIALIZED_AUTOS = YES_AGGRESSIVE;
				GCC_WARN_UNUSED_FUNCTION = YES;
				GCC_WARN_UNUSED_VARIABLE = YES;
				IPHONEOS_DEPLOYMENT_TARGET = 12.4;
				LD_RUNPATH_SEARCH_PATHS = (
					/usr/lib/swift,
					"$(inherited)",
				);
				LIBRARY_SEARCH_PATHS = (
					"\"$(SDKROOT)/usr/lib/swift\"",
					"\"$(TOOLCHAIN_DIR)/usr/lib/swift/$(PLATFORM_NAME)\"",
					"\"$(inherited)\"",
				);
				MARKETING_VERSION = 1.0.3;
				MTL_ENABLE_DEBUG_INFO = YES;
				ONLY_ACTIVE_ARCH = YES;
				OTHER_CPLUSPLUSFLAGS = (
					"$(OTHER_CFLAGS)",
					"-DFOLLY_NO_CONFIG",
					"-DFOLLY_MOBILE=1",
					"-DFOLLY_USE_LIBCPP=1",
				);
				REACT_NATIVE_PATH = "${PODS_ROOT}/../../node_modules/react-native";
				SDKROOT = iphoneos;
				VERSIONING_SYSTEM = "apple-generic";
			};
			name = Debug;
		};
		83CBBA211A601CBA00E9B192 /* Release */ = {
			isa = XCBuildConfiguration;
			buildSettings = {
				ALWAYS_SEARCH_USER_PATHS = NO;
				CLANG_ANALYZER_LOCALIZABILITY_NONLOCALIZED = YES;
				CLANG_CXX_LANGUAGE_STANDARD = "c++17";
				CLANG_CXX_LIBRARY = "libc++";
				CLANG_ENABLE_MODULES = YES;
				CLANG_ENABLE_OBJC_ARC = YES;
				CLANG_WARN_BLOCK_CAPTURE_AUTORELEASING = YES;
				CLANG_WARN_BOOL_CONVERSION = YES;
				CLANG_WARN_COMMA = YES;
				CLANG_WARN_CONSTANT_CONVERSION = YES;
				CLANG_WARN_DEPRECATED_OBJC_IMPLEMENTATIONS = YES;
				CLANG_WARN_DIRECT_OBJC_ISA_USAGE = YES_ERROR;
				CLANG_WARN_EMPTY_BODY = YES;
				CLANG_WARN_ENUM_CONVERSION = YES;
				CLANG_WARN_INFINITE_RECURSION = YES;
				CLANG_WARN_INT_CONVERSION = YES;
				CLANG_WARN_NON_LITERAL_NULL_CONVERSION = YES;
				CLANG_WARN_OBJC_IMPLICIT_RETAIN_SELF = YES;
				CLANG_WARN_OBJC_LITERAL_CONVERSION = YES;
				CLANG_WARN_OBJC_ROOT_CLASS = YES_ERROR;
				CLANG_WARN_QUOTED_INCLUDE_IN_FRAMEWORK_HEADER = YES;
				CLANG_WARN_RANGE_LOOP_ANALYSIS = YES;
				CLANG_WARN_STRICT_PROTOTYPES = YES;
				CLANG_WARN_SUSPICIOUS_MOVE = YES;
				CLANG_WARN_UNREACHABLE_CODE = YES;
				CLANG_WARN__DUPLICATE_METHOD_MATCH = YES;
				"CODE_SIGN_IDENTITY[sdk=iphoneos*]" = "iPhone Developer";
				COPY_PHASE_STRIP = YES;
				CURRENT_PROJECT_VERSION = 1;
				ENABLE_NS_ASSERTIONS = NO;
				ENABLE_STRICT_OBJC_MSGSEND = YES;
				"EXCLUDED_ARCHS[sdk=iphonesimulator*]" = i386;
				GCC_C_LANGUAGE_STANDARD = gnu99;
				GCC_NO_COMMON_BLOCKS = YES;
				GCC_WARN_64_TO_32_BIT_CONVERSION = YES;
				GCC_WARN_ABOUT_RETURN_TYPE = YES_ERROR;
				GCC_WARN_UNDECLARED_SELECTOR = YES;
				GCC_WARN_UNINITIALIZED_AUTOS = YES_AGGRESSIVE;
				GCC_WARN_UNUSED_FUNCTION = YES;
				GCC_WARN_UNUSED_VARIABLE = YES;
				IPHONEOS_DEPLOYMENT_TARGET = 12.4;
				LD_RUNPATH_SEARCH_PATHS = (
					/usr/lib/swift,
					"$(inherited)",
				);
				LIBRARY_SEARCH_PATHS = (
					"\"$(SDKROOT)/usr/lib/swift\"",
					"\"$(TOOLCHAIN_DIR)/usr/lib/swift/$(PLATFORM_NAME)\"",
					"\"$(inherited)\"",
				);
				MARKETING_VERSION = 1.0.3;
				MTL_ENABLE_DEBUG_INFO = NO;
				OTHER_CPLUSPLUSFLAGS = (
					"$(OTHER_CFLAGS)",
					"-DFOLLY_NO_CONFIG",
					"-DFOLLY_MOBILE=1",
					"-DFOLLY_USE_LIBCPP=1",
				);
				REACT_NATIVE_PATH = "${PODS_ROOT}/../../node_modules/react-native";
				SDKROOT = iphoneos;
				VALIDATE_PRODUCT = YES;
				VERSIONING_SYSTEM = "apple-generic";
			};
			name = Release;
		};
		D61867C22A598A0C0059C9A3 /* Debug */ = {
			isa = XCBuildConfiguration;
			baseConfigurationReference = A699DC53BC2D46E9A89C678E /* Pods-OneSignalNotificationServiceExtension.debug.xcconfig */;
			buildSettings = {
				CLANG_ANALYZER_NONNULL = YES;
				CLANG_ANALYZER_NUMBER_OBJECT_CONVERSION = YES_AGGRESSIVE;
				CLANG_CXX_LANGUAGE_STANDARD = "gnu++20";
				CLANG_ENABLE_OBJC_WEAK = YES;
				CLANG_WARN_DOCUMENTATION_COMMENTS = YES;
				CLANG_WARN_UNGUARDED_AVAILABILITY = YES_AGGRESSIVE;
				CODE_SIGN_ENTITLEMENTS = OneSignalNotificationServiceExtension/OneSignalNotificationServiceExtension.entitlements;
				CODE_SIGN_STYLE = Automatic;
				CURRENT_PROJECT_VERSION = 1;
				DEBUG_INFORMATION_FORMAT = dwarf;
				DEVELOPMENT_TEAM = VMGHBGB9S9;
				GCC_C_LANGUAGE_STANDARD = gnu11;
				GENERATE_INFOPLIST_FILE = YES;
				INFOPLIST_FILE = OneSignalNotificationServiceExtension/Info.plist;
				INFOPLIST_KEY_CFBundleDisplayName = OneSignalNotificationServiceExtension;
				INFOPLIST_KEY_NSHumanReadableCopyright = "";
				IPHONEOS_DEPLOYMENT_TARGET = 16.4;
				LD_RUNPATH_SEARCH_PATHS = (
					"$(inherited)",
					"@executable_path/Frameworks",
					"@executable_path/../../Frameworks",
				);
				MARKETING_VERSION = 1.0;
				MTL_ENABLE_DEBUG_INFO = INCLUDE_SOURCE;
				MTL_FAST_MATH = YES;
				PRODUCT_BUNDLE_IDENTIFIER = com.webwizard.expensesmanager.OneSignalNotificationServiceExtension;
				PRODUCT_NAME = "$(TARGET_NAME)";
				SKIP_INSTALL = YES;
				SWIFT_ACTIVE_COMPILATION_CONDITIONS = DEBUG;
				SWIFT_EMIT_LOC_STRINGS = YES;
				SWIFT_OPTIMIZATION_LEVEL = "-Onone";
				SWIFT_VERSION = 5.0;
				TARGETED_DEVICE_FAMILY = "1,2";
			};
			name = Debug;
		};
		D61867C32A598A0C0059C9A3 /* Release */ = {
			isa = XCBuildConfiguration;
			baseConfigurationReference = 7C36095DFAD59260726FD78F /* Pods-OneSignalNotificationServiceExtension.release.xcconfig */;
			buildSettings = {
				CLANG_ANALYZER_NONNULL = YES;
				CLANG_ANALYZER_NUMBER_OBJECT_CONVERSION = YES_AGGRESSIVE;
				CLANG_CXX_LANGUAGE_STANDARD = "gnu++20";
				CLANG_ENABLE_OBJC_WEAK = YES;
				CLANG_WARN_DOCUMENTATION_COMMENTS = YES;
				CLANG_WARN_UNGUARDED_AVAILABILITY = YES_AGGRESSIVE;
				CODE_SIGN_ENTITLEMENTS = OneSignalNotificationServiceExtension/OneSignalNotificationServiceExtension.entitlements;
				CODE_SIGN_STYLE = Automatic;
				COPY_PHASE_STRIP = NO;
				CURRENT_PROJECT_VERSION = 1;
				DEBUG_INFORMATION_FORMAT = "dwarf-with-dsym";
				DEVELOPMENT_TEAM = VMGHBGB9S9;
				GCC_C_LANGUAGE_STANDARD = gnu11;
				GENERATE_INFOPLIST_FILE = YES;
				INFOPLIST_FILE = OneSignalNotificationServiceExtension/Info.plist;
				INFOPLIST_KEY_CFBundleDisplayName = OneSignalNotificationServiceExtension;
				INFOPLIST_KEY_NSHumanReadableCopyright = "";
				IPHONEOS_DEPLOYMENT_TARGET = 16.4;
				LD_RUNPATH_SEARCH_PATHS = (
					"$(inherited)",
					"@executable_path/Frameworks",
					"@executable_path/../../Frameworks",
				);
				MARKETING_VERSION = 1.0;
				MTL_FAST_MATH = YES;
				PRODUCT_BUNDLE_IDENTIFIER = com.webwizard.expensesmanager.OneSignalNotificationServiceExtension;
				PRODUCT_NAME = "$(TARGET_NAME)";
				SKIP_INSTALL = YES;
				SWIFT_COMPILATION_MODE = wholemodule;
				SWIFT_EMIT_LOC_STRINGS = YES;
				SWIFT_OPTIMIZATION_LEVEL = "-O";
				SWIFT_VERSION = 5.0;
				TARGETED_DEVICE_FAMILY = "1,2";
			};
			name = Release;
		};
/* End XCBuildConfiguration section */

/* Begin XCConfigurationList section */
		00E357021AD99517003FC87E /* Build configuration list for PBXNativeTarget "expensesmanagerTests" */ = {
			isa = XCConfigurationList;
			buildConfigurations = (
				00E356F61AD99517003FC87E /* Debug */,
				00E356F71AD99517003FC87E /* Release */,
			);
			defaultConfigurationIsVisible = 0;
			defaultConfigurationName = Release;
		};
		13B07F931A680F5B00A75B9A /* Build configuration list for PBXNativeTarget "expensesmanager" */ = {
			isa = XCConfigurationList;
			buildConfigurations = (
				13B07F941A680F5B00A75B9A /* Debug */,
				13B07F951A680F5B00A75B9A /* Release */,
			);
			defaultConfigurationIsVisible = 0;
			defaultConfigurationName = Release;
		};
		83CBB9FA1A601CBA00E9B192 /* Build configuration list for PBXProject "expensesmanager" */ = {
			isa = XCConfigurationList;
			buildConfigurations = (
				83CBBA201A601CBA00E9B192 /* Debug */,
				83CBBA211A601CBA00E9B192 /* Release */,
			);
			defaultConfigurationIsVisible = 0;
			defaultConfigurationName = Release;
		};
		D61867C42A598A0C0059C9A3 /* Build configuration list for PBXNativeTarget "OneSignalNotificationServiceExtension" */ = {
			isa = XCConfigurationList;
			buildConfigurations = (
				D61867C22A598A0C0059C9A3 /* Debug */,
				D61867C32A598A0C0059C9A3 /* Release */,
			);
			defaultConfigurationIsVisible = 0;
			defaultConfigurationName = Release;
		};
/* End XCConfigurationList section */
	};
	rootObject = 83CBB9F71A601CBA00E9B192 /* Project object */;
}
